
Microsoft Visual Studio Solution File, Format Version 12.00
# Visual Studio Version 17
VisualStudioVersion = 17.2.32516.85
MinimumVisualStudioVersion = 10.0.40219.1
Project("{9A19103F-16F7-4668-BE54-9A1E7A4F7556}") = "Evo.Scm.Domain", "src\Evo.Scm.Domain\Evo.Scm.Domain.csproj", "{554AD327-6DBA-4F8F-96F8-81CE7A0C863F}"
EndProject
Project("{9A19103F-16F7-4668-BE54-9A1E7A4F7556}") = "Evo.Scm.Application", "src\Evo.Scm.Application\Evo.Scm.Application.csproj", "{1A94A50E-06DC-43C1-80B5-B662820EC3EB}"
EndProject
Project("{9A19103F-16F7-4668-BE54-9A1E7A4F7556}") = "Evo.Scm.EntityFrameworkCore", "src\Evo.Scm.EntityFrameworkCore\Evo.Scm.EntityFrameworkCore.csproj", "{C956DD76-69C8-4A9C-83EA-D17DF83340FD}"
EndProject
Project("{2150E333-8FDC-42A3-9474-1A3956D46DE8}") = "src", "src", "{CA9AC87F-097E-4F15-8393-4BC07735A5B0}"
EndProject
Project("{9A19103F-16F7-4668-BE54-9A1E7A4F7556}") = "Evo.Scm.Domain.Shared", "src\Evo.Scm.Domain.Shared\Evo.Scm.Domain.Shared.csproj", "{42F719ED-8413-4895-B5B4-5AB56079BC66}"
EndProject
Project("{9A19103F-16F7-4668-BE54-9A1E7A4F7556}") = "Evo.Scm.Application.Contracts", "src\Evo.Scm.Application.Contracts\Evo.Scm.Application.Contracts.csproj", "{520659C8-C734-4298-A3DA-B539DB9DFC0B}"
EndProject
Project("{9A19103F-16F7-4668-BE54-9A1E7A4F7556}") = "Evo.Scm.HttpApi", "src\Evo.Scm.HttpApi\Evo.Scm.HttpApi.csproj", "{4164BDF7-F527-4E85-9CE6-E3C2D7426A27}"
EndProject
Project("{9A19103F-16F7-4668-BE54-9A1E7A4F7556}") = "Evo.Scm.HttpApi.Client", "src\Evo.Scm.HttpApi.Client\Evo.Scm.HttpApi.Client.csproj", "{3B5A0094-670D-4BB1-BFDD-61B88A8773DC}"
EndProject
Project("{9A19103F-16F7-4668-BE54-9A1E7A4F7556}") = "Evo.Scm.HttpApi.Host", "src\Evo.Scm.HttpApi.Host\Evo.Scm.HttpApi.Host.csproj", "{E6D5BF0E-DE92-4D82-A352-EF04B37CB11C}"
EndProject
Project("{9A19103F-16F7-4668-BE54-9A1E7A4F7556}") = "Evo.Scm.Infrastructure", "src\Evo.Scm.Infrastructure\Evo.Scm.Infrastructure.csproj", "{E24A5525-8E04-42A1-B93C-43D2AF4DBCBF}"
EndProject
Project("{9A19103F-16F7-4668-BE54-9A1E7A4F7556}") = "Evo.Scm.Infrastructure.Shared", "src\Evo.Scm.Infrastructure.Shared\Evo.Scm.Infrastructure.Shared.csproj", "{BA1FF2C3-955F-4B7E-93B4-FBC60B3CC25F}"
EndProject
Project("{9A19103F-16F7-4668-BE54-9A1E7A4F7556}") = "Evo.Scm.EventHandlers", "src\Evo.Scm.EventHandlers\Evo.Scm.EventHandlers.csproj", "{155491F3-54EF-4F88-88AD-1DF67E879343}"
EndProject

Global
	GlobalSection(SolutionConfigurationPlatforms) = preSolution
		Debug|Any CPU = Debug|Any CPU
		Release|Any CPU = Release|Any CPU
		Test|Any CPU = Test|Any CPU
	EndGlobalSection
	GlobalSection(ProjectConfigurationPlatforms) = postSolution
		{554AD327-6DBA-4F8F-96F8-81CE7A0C863F}.Debug|Any CPU.ActiveCfg = Debug|Any CPU
		{554AD327-6DBA-4F8F-96F8-81CE7A0C863F}.Debug|Any CPU.Build.0 = Debug|Any CPU
		{554AD327-6DBA-4F8F-96F8-81CE7A0C863F}.Release|Any CPU.ActiveCfg = Release|Any CPU
		{554AD327-6DBA-4F8F-96F8-81CE7A0C863F}.Release|Any CPU.Build.0 = Release|Any CPU
		{554AD327-6DBA-4F8F-96F8-81CE7A0C863F}.Test|Any CPU.ActiveCfg = Test|Any CPU
		{554AD327-6DBA-4F8F-96F8-81CE7A0C863F}.Test|Any CPU.Build.0 = Test|Any CPU
		{1A94A50E-06DC-43C1-80B5-B662820EC3EB}.Debug|Any CPU.ActiveCfg = Debug|Any CPU
		{1A94A50E-06DC-43C1-80B5-B662820EC3EB}.Debug|Any CPU.Build.0 = Debug|Any CPU
		{1A94A50E-06DC-43C1-80B5-B662820EC3EB}.Release|Any CPU.ActiveCfg = Release|Any CPU
		{1A94A50E-06DC-43C1-80B5-B662820EC3EB}.Release|Any CPU.Build.0 = Release|Any CPU
		{1A94A50E-06DC-43C1-80B5-B662820EC3EB}.Test|Any CPU.ActiveCfg = Test|Any CPU
		{1A94A50E-06DC-43C1-80B5-B662820EC3EB}.Test|Any CPU.Build.0 = Test|Any CPU
		{C956DD76-69C8-4A9C-83EA-D17DF83340FD}.Debug|Any CPU.ActiveCfg = Debug|Any CPU
		{C956DD76-69C8-4A9C-83EA-D17DF83340FD}.Debug|Any CPU.Build.0 = Debug|Any CPU
		{C956DD76-69C8-4A9C-83EA-D17DF83340FD}.Release|Any CPU.ActiveCfg = Release|Any CPU
		{C956DD76-69C8-4A9C-83EA-D17DF83340FD}.Release|Any CPU.Build.0 = Release|Any CPU
		{C956DD76-69C8-4A9C-83EA-D17DF83340FD}.Test|Any CPU.ActiveCfg = Test|Any CPU
		{C956DD76-69C8-4A9C-83EA-D17DF83340FD}.Test|Any CPU.Build.0 = Test|Any CPU
		{42F719ED-8413-4895-B5B4-5AB56079BC66}.Debug|Any CPU.ActiveCfg = Debug|Any CPU
		{42F719ED-8413-4895-B5B4-5AB56079BC66}.Debug|Any CPU.Build.0 = Debug|Any CPU
		{42F719ED-8413-4895-B5B4-5AB56079BC66}.Release|Any CPU.ActiveCfg = Release|Any CPU
		{42F719ED-8413-4895-B5B4-5AB56079BC66}.Release|Any CPU.Build.0 = Release|Any CPU
		{42F719ED-8413-4895-B5B4-5AB56079BC66}.Test|Any CPU.ActiveCfg = Test|Any CPU
		{42F719ED-8413-4895-B5B4-5AB56079BC66}.Test|Any CPU.Build.0 = Test|Any CPU
		{520659C8-C734-4298-A3DA-B539DB9DFC0B}.Debug|Any CPU.ActiveCfg = Debug|Any CPU
		{520659C8-C734-4298-A3DA-B539DB9DFC0B}.Debug|Any CPU.Build.0 = Debug|Any CPU
		{520659C8-C734-4298-A3DA-B539DB9DFC0B}.Release|Any CPU.ActiveCfg = Release|Any CPU
		{520659C8-C734-4298-A3DA-B539DB9DFC0B}.Release|Any CPU.Build.0 = Release|Any CPU
		{520659C8-C734-4298-A3DA-B539DB9DFC0B}.Test|Any CPU.ActiveCfg = Test|Any CPU
		{520659C8-C734-4298-A3DA-B539DB9DFC0B}.Test|Any CPU.Build.0 = Test|Any CPU
		{4164BDF7-F527-4E85-9CE6-E3C2D7426A27}.Debug|Any CPU.ActiveCfg = Debug|Any CPU
		{4164BDF7-F527-4E85-9CE6-E3C2D7426A27}.Debug|Any CPU.Build.0 = Debug|Any CPU
		{4164BDF7-F527-4E85-9CE6-E3C2D7426A27}.Release|Any CPU.ActiveCfg = Release|Any CPU
		{4164BDF7-F527-4E85-9CE6-E3C2D7426A27}.Release|Any CPU.Build.0 = Release|Any CPU
		{4164BDF7-F527-4E85-9CE6-E3C2D7426A27}.Test|Any CPU.ActiveCfg = Test|Any CPU
		{4164BDF7-F527-4E85-9CE6-E3C2D7426A27}.Test|Any CPU.Build.0 = Test|Any CPU
		{3B5A0094-670D-4BB1-BFDD-61B88A8773DC}.Debug|Any CPU.ActiveCfg = Debug|Any CPU
		{3B5A0094-670D-4BB1-BFDD-61B88A8773DC}.Debug|Any CPU.Build.0 = Debug|Any CPU
		{3B5A0094-670D-4BB1-BFDD-61B88A8773DC}.Release|Any CPU.ActiveCfg = Release|Any CPU
		{3B5A0094-670D-4BB1-BFDD-61B88A8773DC}.Release|Any CPU.Build.0 = Release|Any CPU
		{3B5A0094-670D-4BB1-BFDD-61B88A8773DC}.Test|Any CPU.ActiveCfg = Test|Any CPU
		{3B5A0094-670D-4BB1-BFDD-61B88A8773DC}.Test|Any CPU.Build.0 = Test|Any CPU
		{E6D5BF0E-DE92-4D82-A352-EF04B37CB11C}.Debug|Any CPU.ActiveCfg = Debug|Any CPU
		{E6D5BF0E-DE92-4D82-A352-EF04B37CB11C}.Debug|Any CPU.Build.0 = Debug|Any CPU
		{E6D5BF0E-DE92-4D82-A352-EF04B37CB11C}.Release|Any CPU.ActiveCfg = Release|Any CPU
		{E6D5BF0E-DE92-4D82-A352-EF04B37CB11C}.Release|Any CPU.Build.0 = Release|Any CPU
		{E6D5BF0E-DE92-4D82-A352-EF04B37CB11C}.Test|Any CPU.ActiveCfg = Test|Any CPU
		{E6D5BF0E-DE92-4D82-A352-EF04B37CB11C}.Test|Any CPU.Build.0 = Test|Any CPU
		{E24A5525-8E04-42A1-B93C-43D2AF4DBCBF}.Debug|Any CPU.ActiveCfg = Debug|Any CPU
		{E24A5525-8E04-42A1-B93C-43D2AF4DBCBF}.Debug|Any CPU.Build.0 = Debug|Any CPU
		{E24A5525-8E04-42A1-B93C-43D2AF4DBCBF}.Release|Any CPU.ActiveCfg = Release|Any CPU
		{E24A5525-8E04-42A1-B93C-43D2AF4DBCBF}.Release|Any CPU.Build.0 = Release|Any CPU
		{E24A5525-8E04-42A1-B93C-43D2AF4DBCBF}.Test|Any CPU.ActiveCfg = Test|Any CPU
		{E24A5525-8E04-42A1-B93C-43D2AF4DBCBF}.Test|Any CPU.Build.0 = Test|Any CPU
		{BA1FF2C3-955F-4B7E-93B4-FBC60B3CC25F}.Debug|Any CPU.ActiveCfg = Debug|Any CPU
		{BA1FF2C3-955F-4B7E-93B4-FBC60B3CC25F}.Debug|Any CPU.Build.0 = Debug|Any CPU
		{BA1FF2C3-955F-4B7E-93B4-FBC60B3CC25F}.Release|Any CPU.ActiveCfg = Release|Any CPU
		{BA1FF2C3-955F-4B7E-93B4-FBC60B3CC25F}.Release|Any CPU.Build.0 = Release|Any CPU
		{BA1FF2C3-955F-4B7E-93B4-FBC60B3CC25F}.Test|Any CPU.ActiveCfg = Test|Any CPU
		{BA1FF2C3-955F-4B7E-93B4-FBC60B3CC25F}.Test|Any CPU.Build.0 = Test|Any CPU
		{155491F3-54EF-4F88-88AD-1DF67E879343}.Debug|Any CPU.ActiveCfg = Debug|Any CPU
		{155491F3-54EF-4F88-88AD-1DF67E879343}.Debug|Any CPU.Build.0 = Debug|Any CPU
		{155491F3-54EF-4F88-88AD-1DF67E879343}.Release|Any CPU.ActiveCfg = Release|Any CPU
		{155491F3-54EF-4F88-88AD-1DF67E879343}.Release|Any CPU.Build.0 = Release|Any CPU
		{155491F3-54EF-4F88-88AD-1DF67E879343}.Test|Any CPU.ActiveCfg = Debug|Any CPU
		{155491F3-54EF-4F88-88AD-1DF67E879343}.Test|Any CPU.Build.0 = Debug|Any CPU
	EndGlobalSection
	GlobalSection(SolutionProperties) = preSolution
		HideSolutionNode = FALSE
	EndGlobalSection
	GlobalSection(NestedProjects) = preSolution
		{554AD327-6DBA-4F8F-96F8-81CE7A0C863F} = {CA9AC87F-097E-4F15-8393-4BC07735A5B0}
		{1A94A50E-06DC-43C1-80B5-B662820EC3EB} = {CA9AC87F-097E-4F15-8393-4BC07735A5B0}
		{C956DD76-69C8-4A9C-83EA-D17DF83340FD} = {CA9AC87F-097E-4F15-8393-4BC07735A5B0}
		{42F719ED-8413-4895-B5B4-5AB56079BC66} = {CA9AC87F-097E-4F15-8393-4BC07735A5B0}
		{520659C8-C734-4298-A3DA-B539DB9DFC0B} = {CA9AC87F-097E-4F15-8393-4BC07735A5B0}
		{4164BDF7-F527-4E85-9CE6-E3C2D7426A27} = {CA9AC87F-097E-4F15-8393-4BC07735A5B0}
		{3B5A0094-670D-4BB1-BFDD-61B88A8773DC} = {CA9AC87F-097E-4F15-8393-4BC07735A5B0}
		{E6D5BF0E-DE92-4D82-A352-EF04B37CB11C} = {CA9AC87F-097E-4F15-8393-4BC07735A5B0}
		{E24A5525-8E04-42A1-B93C-43D2AF4DBCBF} = {CA9AC87F-097E-4F15-8393-4BC07735A5B0}
		{BA1FF2C3-955F-4B7E-93B4-FBC60B3CC25F} = {CA9AC87F-097E-4F15-8393-4BC07735A5B0}
		{155491F3-54EF-4F88-88AD-1DF67E879343} = {CA9AC87F-097E-4F15-8393-4BC07735A5B0}
		{7170E16A-6E28-478B-8DBE-53743DE0FD35} = {CA9AC87F-097E-4F15-8393-4BC07735A5B0}
	EndGlobalSection
	GlobalSection(ExtensibilityGlobals) = postSolution
		SolutionGuid = {28315BFD-90E7-4E14-A2EA-F3D23AF4126F}
	EndGlobalSection
EndGlobal
